
Microsoft Visual Studio Solution File, Format Version 12.00
# Visual Studio 14
VisualStudioVersion = 14.0.25420.1
MinimumVisualStudioVersion = 10.0.40219.1
Project("{FAE04EC0-301F-11D3-BF4B-00C04F79EFBC}") = "DirectXTest", "DirectXTest\DirectXTest.csproj", "{202E8658-0003-4F1D-AE7B-C3E8C8FEDBB6}"
EndProject
Project("{FAE04EC0-301F-11D3-BF4B-00C04F79EFBC}") = "WpfUserControl", "WpfUserControl\WpfUserControl.csproj", "{0D024E2D-363D-452E-87C7-1D0EF2565A36}"
EndProject
Global
	GlobalSection(SolutionConfigurationPlatforms) = preSolution
		Debug|Any CPU = Debug|Any CPU
		Release|Any CPU = Release|Any CPU
	EndGlobalSection
	GlobalSection(ProjectConfigurationPlatforms) = postSolution
		{202E8658-0003-4F1D-AE7B-C3E8C8FEDBB6}.Debug|Any CPU.ActiveCfg = Debug|Any CPU
		{202E8658-0003-4F1D-AE7B-C3E8C8FEDBB6}.Debug|Any CPU.Build.0 = Debug|Any CPU
		{202E8658-0003-4F1D-AE7B-C3E8C8FEDBB6}.Release|Any CPU.ActiveCfg = Release|Any CPU
		{202E8658-0003-4F1D-AE7B-C3E8C8FEDBB6}.Release|Any CPU.Build.0 = Release|Any CPU
		{0D024E2D-363D-452E-87C7-1D0EF2565A36}.Debug|Any CPU.ActiveCfg = Debug|Any CPU
		{0D024E2D-363D-452E-87C7-1D0EF2565A36}.Debug|Any CPU.Build.0 = Debug|Any CPU
		{0D024E2D-363D-452E-87C7-1D0EF2565A36}.Release|Any CPU.ActiveCfg = Release|Any CPU
		{0D024E2D-363D-452E-87C7-1D0EF2565A36}.Release|Any CPU.Build.0 = Release|Any CPU
	EndGlobalSection
	GlobalSection(SolutionProperties) = preSolution
		HideSolutionNode = FALSE
	EndGlobalSection
EndGlobal
